
Microsoft Visual Studio Solution File, Format Version 12.00
# Visual Studio Version 17
VisualStudioVersion = 17.13.35931.197 d17.13
MinimumVisualStudioVersion = 10.0.40219.1
Project("{FAE04EC0-301F-11D3-BF4B-00C04F79EFBC}") = "WebApiApp01", "WebApiApp01\WebApiApp01.csproj", "{3B47DAA4-4C65-438A-843D-BA85E632C633}"
EndProject
Project("{FAE04EC0-301F-11D3-BF4B-00C04F79EFBC}") = "WebApiApp02", "WebApiApp02\WebApiApp02.csproj", "{48018057-F217-45F0-B303-FEEE83A7F445}"
EndProject
Project("{FAE04EC0-301F-11D3-BF4B-00C04F79EFBC}") = "WebApiApp03", "WebApiApp03\WebApiApp03.csproj", "{B3DAE596-BFEC-435E-A35B-D779395F8B7B}"
EndProject
Global
	GlobalSection(SolutionConfigurationPlatforms) = preSolution
		Debug|Any CPU = Debug|Any CPU
		Release|Any CPU = Release|Any CPU
	EndGlobalSection
	GlobalSection(ProjectConfigurationPlatforms) = postSolution
		{3B47DAA4-4C65-438A-843D-BA85E632C633}.Debug|Any CPU.ActiveCfg = Debug|Any CPU
		{3B47DAA4-4C65-438A-843D-BA85E632C633}.Debug|Any CPU.Build.0 = Debug|Any CPU
		{3B47DAA4-4C65-438A-843D-BA85E632C633}.Release|Any CPU.ActiveCfg = Release|Any CPU
		{3B47DAA4-4C65-438A-843D-BA85E632C633}.Release|Any CPU.Build.0 = Release|Any CPU
		{48018057-F217-45F0-B303-FEEE83A7F445}.Debug|Any CPU.ActiveCfg = Debug|Any CPU
		{48018057-F217-45F0-B303-FEEE83A7F445}.Debug|Any CPU.Build.0 = Debug|Any CPU
		{48018057-F217-45F0-B303-FEEE83A7F445}.Release|Any CPU.ActiveCfg = Release|Any CPU
		{48018057-F217-45F0-B303-FEEE83A7F445}.Release|Any CPU.Build.0 = Release|Any CPU
		{B3DAE596-BFEC-435E-A35B-D779395F8B7B}.Debug|Any CPU.ActiveCfg = Debug|Any CPU
		{B3DAE596-BFEC-435E-A35B-D779395F8B7B}.Debug|Any CPU.Build.0 = Debug|Any CPU
		{B3DAE596-BFEC-435E-A35B-D779395F8B7B}.Release|Any CPU.ActiveCfg = Release|Any CPU
		{B3DAE596-BFEC-435E-A35B-D779395F8B7B}.Release|Any CPU.Build.0 = Release|Any CPU
	EndGlobalSection
	GlobalSection(SolutionProperties) = preSolution
		HideSolutionNode = FALSE
	EndGlobalSection
	GlobalSection(ExtensibilityGlobals) = postSolution
		SolutionGuid = {616AFA09-FB62-42FB-BB00-5E1B4DAA5069}
	EndGlobalSection
EndGlobal
